
Microsoft Visual Studio Solution File, Format Version 12.00
# Visual Studio Version 17
VisualStudioVersion = 17.14.36429.23 d17.14
MinimumVisualStudioVersion = 10.0.40219.1
Project("{FAE04EC0-301F-11D3-BF4B-00C04F79EFBC}") = "Itterem-back-end", "Itterem-back-end\Itterem-back-end.csproj", "{93217DBD-5082-4B7B-B7E5-E71D4D0B2159}"
EndProject
Global
	GlobalSection(SolutionConfigurationPlatforms) = preSolution
		Debug|Any CPU = Debug|Any CPU
		Release|Any CPU = Release|Any CPU
	EndGlobalSection
	GlobalSection(ProjectConfigurationPlatforms) = postSolution
		{93217DBD-5082-4B7B-B7E5-E71D4D0B2159}.Debug|Any CPU.ActiveCfg = Debug|Any CPU
		{93217DBD-5082-4B7B-B7E5-E71D4D0B2159}.Debug|Any CPU.Build.0 = Debug|Any CPU
		{93217DBD-5082-4B7B-B7E5-E71D4D0B2159}.Release|Any CPU.ActiveCfg = Release|Any CPU
		{93217DBD-5082-4B7B-B7E5-E71D4D0B2159}.Release|Any CPU.Build.0 = Release|Any CPU
	EndGlobalSection
	GlobalSection(SolutionProperties) = preSolution
		HideSolutionNode = FALSE
	EndGlobalSection
	GlobalSection(ExtensibilityGlobals) = postSolution
		SolutionGuid = {2EA99811-8008-457D-9A7C-FBEA2184E8D1}
	EndGlobalSection
EndGlobal
